// !$*UTF8*$!
{
	archiveVersion = 1;
	classes = {
	};
	objectVersion = 46;
	objects = {

/* Begin PBXBuildFile section */
		84D97B741AFC3859004A8536 /* main.m in Sources */ = {isa = PBXBuildFile; fileRef = 84D97B731AFC3859004A8536 /* main.m */; };
		84D97B771AFC3859004A8536 /* AppDelegate.m in Sources */ = {isa = PBXBuildFile; fileRef = 84D97B761AFC3859004A8536 /* AppDelegate.m */; };
		84D97B7A1AFC3859004A8536 /* ViewController.m in Sources */ = {isa = PBXBuildFile; fileRef = 84D97B791AFC3859004A8536 /* ViewController.m */; };
		84D97B7D1AFC385A004A8536 /* Main.storyboard in Resources */ = {isa = PBXBuildFile; fileRef = 84D97B7B1AFC385A004A8536 /* Main.storyboard */; };
		84D97B7F1AFC385A004A8536 /* Images.xcassets in Resources */ = {isa = PBXBuildFile; fileRef = 84D97B7E1AFC385A004A8536 /* Images.xcassets */; };
		84D97B821AFC385A004A8536 /* LaunchScreen.xib in Resources */ = {isa = PBXBuildFile; fileRef = 84D97B801AFC385A004A8536 /* LaunchScreen.xib */; };
		84D97B8E1AFC385A004A8536 /* tutorial_12Tests.m in Sources */ = {isa = PBXBuildFile; fileRef = 84D97B8D1AFC385A004A8536 /* tutorial_12Tests.m */; };
/* End PBXBuildFile section */

/* Begin PBXContainerItemProxy section */
		84D97B881AFC385A004A8536 /* PBXContainerItemProxy */ = {
			isa = PBXContainerItemProxy;
			containerPortal = 84D97B661AFC3859004A8536 /* Project object */;
			proxyType = 1;
			remoteGlobalIDString = 84D97B6D1AFC3859004A8536;
			remoteInfo = tutorial_12;
		};
/* End PBXContainerItemProxy section */

/* Begin PBXFileReference section */
		84D97B6E1AFC3859004A8536 /* tutorial_12.app */ = {isa = PBXFileReference; explicitFileType = wrapper.application; includeInIndex = 0; path = tutorial_12.app; sourceTree = BUILT_PRODUCTS_DIR; };
		84D97B721AFC3859004A8536 /* Info.plist */ = {isa = PBXFileReference; lastKnownFileType = text.plist.xml; path = Info.plist; sourceTree = "<group>"; };
		84D97B731AFC3859004A8536 /* main.m */ = {isa = PBXFileReference; lastKnownFileType = sourcecode.c.objc; path = main.m; sourceTree = "<group>"; };
		84D97B751AFC3859004A8536 /* AppDelegate.h */ = {isa = PBXFileReference; lastKnownFileType = sourcecode.c.h; path = AppDelegate.h; sourceTree = "<group>"; };
		84D97B761AFC3859004A8536 /* AppDelegate.m */ = {isa = PBXFileReference; lastKnownFileType = sourcecode.c.objc; path = AppDelegate.m; sourceTree = "<group>"; };
		84D97B781AFC3859004A8536 /* ViewController.h */ = {isa = PBXFileReference; lastKnownFileType = sourcecode.c.h; path = ViewController.h; sourceTree = "<group>"; };
		84D97B791AFC3859004A8536 /* ViewController.m */ = {isa = PBXFileReference; lastKnownFileType = sourcecode.c.objc; path = ViewController.m; sourceTree = "<group>"; };
		84D97B7C1AFC385A004A8536 /* Base */ = {isa = PBXFileReference; lastKnownFileType = file.storyboard; name = Base; path = Base.lproj/Main.storyboard; sourceTree = "<group>"; };
		84D97B7E1AFC385A004A8536 /* Images.xcassets */ = {isa = PBXFileReference; lastKnownFileType = folder.assetcatalog; path = Images.xcassets; sourceTree = "<group>"; };
		84D97B811AFC385A004A8536 /* Base */ = {isa = PBXFileReference; lastKnownFileType = file.xib; name = Base; path = Base.lproj/LaunchScreen.xib; sourceTree = "<group>"; };
		84D97B871AFC385A004A8536 /* tutorial_12Tests.xctest */ = {isa = PBXFileReference; explicitFileType = wrapper.cfbundle; includeInIndex = 0; path = tutorial_12Tests.xctest; sourceTree = BUILT_PRODUCTS_DIR; };
		84D97B8C1AFC385A004A8536 /* Info.plist */ = {isa = PBXFileReference; lastKnownFileType = text.plist.xml; path = Info.plist; sourceTree = "<group>"; };
		84D97B8D1AFC385A004A8536 /* tutorial_12Tests.m */ = {isa = PBXFileReference; lastKnownFileType = sourcecode.c.objc; path = tutorial_12Tests.m; sourceTree = "<group>"; };
/* End PBXFileReference section */

/* Begin PBXFrameworksBuildPhase section */
		84D97B6B1AFC3859004A8536 /* Frameworks */ = {
			isa = PBXFrameworksBuildPhase;
			buildActionMask = 2147483647;
			files = (
			);
			runOnlyForDeploymentPostprocessing = 0;
		};
		84D97B841AFC385A004A8536 /* Frameworks */ = {
			isa = PBXFrameworksBuildPhase;
			buildActionMask = 2147483647;
			files = (
			);
			runOnlyForDeploymentPostprocessing = 0;
		};
/* End PBXFrameworksBuildPhase section */

/* Begin PBXGroup section */
		84D97B651AFC3859004A8536 = {
			isa = PBXGroup;
			children = (
				84D97B701AFC3859004A8536 /* tutorial_12 */,
				84D97B8A1AFC385A004A8536 /* tutorial_12Tests */,
				84D97B6F1AFC3859004A8536 /* Products */,
			);
			sourceTree = "<group>";
		};
		84D97B6F1AFC3859004A8536 /* Products */ = {
			isa = PBXGroup;
			children = (
				84D97B6E1AFC3859004A8536 /* tutorial_12.app */,
				84D97B871AFC385A004A8536 /* tutorial_12Tests.xctest */,
			);
			name = Products;
			sourceTree = "<group>";
		};
		84D97B701AFC3859004A8536 /* tutorial_12 */ = {
			isa = PBXGroup;
			children = (
				84D97B751AFC3859004A8536 /* AppDelegate.h */,
				84D97B761AFC3859004A8536 /* AppDelegate.m */,
				84D97B781AFC3859004A8536 /* ViewController.h */,
				84D97B791AFC3859004A8536 /* ViewController.m */,
				84D97B7B1AFC385A004A8536 /* Main.storyboard */,
				84D97B7E1AFC385A004A8536 /* Images.xcassets */,
				84D97B801AFC385A004A8536 /* LaunchScreen.xib */,
				84D97B711AFC3859004A8536 /* Supporting Files */,
			);
			path = tutorial_12;
			sourceTree = "<group>";
		};
		84D97B711AFC3859004A8536 /* Supporting Files */ = {
			isa = PBXGroup;
			children = (
				84D97B721AFC3859004A8536 /* Info.plist */,
				84D97B731AFC3859004A8536 /* main.m */,
			);
			name = "Supporting Files";
			sourceTree = "<group>";
		};
		84D97B8A1AFC385A004A8536 /* tutorial_12Tests */ = {
			isa = PBXGroup;
			children = (
				84D97B8D1AFC385A004A8536 /* tutorial_12Tests.m */,
				84D97B8B1AFC385A004A8536 /* Supporting Files */,
			);
			path = tutorial_12Tests;
			sourceTree = "<group>";
		};
		84D97B8B1AFC385A004A8536 /* Supporting Files */ = {
			isa = PBXGroup;
			children = (
				84D97B8C1AFC385A004A8536 /* Info.plist */,
			);
			name = "Supporting Files";
			sourceTree = "<group>";
		};
/* End PBXGroup section */

/* Begin PBXNativeTarget section */
		84D97B6D1AFC3859004A8536 /* tutorial_12 */ = {
			isa = PBXNativeTarget;
			buildConfigurationList = 84D97B911AFC385A004A8536 /* Build configuration list for PBXNativeTarget "tutorial_12" */;
			buildPhases = (
				84D97B6A1AFC3859004A8536 /* Sources */,
				84D97B6B1AFC3859004A8536 /* Frameworks */,
				84D97B6C1AFC3859004A8536 /* Resources */,
			);
			buildRules = (
			);
			dependencies = (
			);
			name = tutorial_12;
			productName = tutorial_12;
			productReference = 84D97B6E1AFC3859004A8536 /* tutorial_12.app */;
			productType = "com.apple.product-type.application";
		};
		84D97B861AFC385A004A8536 /* tutorial_12Tests */ = {
			isa = PBXNativeTarget;
			buildConfigurationList = 84D97B941AFC385A004A8536 /* Build configuration list for PBXNativeTarget "tutorial_12Tests" */;
			buildPhases = (
				84D97B831AFC385A004A8536 /* Sources */,
				84D97B841AFC385A004A8536 /* Frameworks */,
				84D97B851AFC385A004A8536 /* Resources */,
			);
			buildRules = (
			);
			dependencies = (
				84D97B891AFC385A004A8536 /* PBXTargetDependency */,
			);
			name = tutorial_12Tests;
			productName = tutorial_12Tests;
			productReference = 84D97B871AFC385A004A8536 /* tutorial_12Tests.xctest */;
			productType = "com.apple.product-type.bundle.unit-test";
		};
/* End PBXNativeTarget section */

/* Begin PBXProject section */
		84D97B661AFC3859004A8536 /* Project object */ = {
			isa = PBXProject;
			attributes = {
				LastUpgradeCheck = 0630;
				ORGANIZATIONNAME = Admin;
				TargetAttributes = {
					84D97B6D1AFC3859004A8536 = {
						CreatedOnToolsVersion = 6.3.1;
					};
					84D97B861AFC385A004A8536 = {
						CreatedOnToolsVersion = 6.3.1;
						TestTargetID = 84D97B6D1AFC3859004A8536;
					};
				};
			};
			buildConfigurationList = 84D97B691AFC3859004A8536 /* Build configuration list for PBXProject "tutorial_12" */;
			compatibilityVersion = "Xcode 3.2";
			developmentRegion = English;
			hasScannedForEncodings = 0;
			knownRegions = (
				en,
				Base,
			);
			mainGroup = 84D97B651AFC3859004A8536;
			productRefGroup = 84D97B6F1AFC3859004A8536 /* Products */;
			projectDirPath = "";
			projectRoot = "";
			targets = (
				84D97B6D1AFC3859004A8536 /* tutorial_12 */,
				84D97B861AFC385A004A8536 /* tutorial_12Tests */,
			);
		};
/* End PBXProject section */

/* Begin PBXResourcesBuildPhase section */
		84D97B6C1AFC3859004A8536 /* Resources */ = {
			isa = PBXResourcesBuildPhase;
			buildActionMask = 2147483647;
			files = (
				84D97B7D1AFC385A004A8536 /* Main.storyboard in Resources */,
				84D97B821AFC385A004A8536 /* LaunchScreen.xib in Resources */,
				84D97B7F1AFC385A004A8536 /* Images.xcassets in Resources */,
			);
			runOnlyForDeploymentPostprocessing = 0;
		};
		84D97B851AFC385A004A8536 /* Resources */ = {
			isa = PBXResourcesBuildPhase;
			buildActionMask = 2147483647;
			files = (
			);
			runOnlyForDeploymentPostprocessing = 0;
		};
/* End PBXResourcesBuildPhase section */

/* Begin PBXSourcesBuildPhase section */
		84D97B6A1AFC3859004A8536 /* Sources */ = {
			isa = PBXSourcesBuildPhase;
			buildActionMask = 2147483647;
			files = (
				84D97B7A1AFC3859004A8536 /* ViewController.m in Sources */,
				84D97B771AFC3859004A8536 /* AppDelegate.m in Sources */,
				84D97B741AFC3859004A8536 /* main.m in Sources */,
			);
			runOnlyForDeploymentPostprocessing = 0;
		};
		84D97B831AFC385A004A8536 /* Sources */ = {
			isa = PBXSourcesBuildPhase;
			buildActionMask = 2147483647;
			files = (
				84D97B8E1AFC385A004A8536 /* tutorial_12Tests.m in Sources */,
			);
			runOnlyForDeploymentPostprocessing = 0;
		};
/* End PBXSourcesBuildPhase section */

/* Begin PBXTargetDependency section */
		84D97B891AFC385A004A8536 /* PBXTargetDependency */ = {
			isa = PBXTargetDependency;
			target = 84D97B6D1AFC3859004A8536 /* tutorial_12 */;
			targetProxy = 84D97B881AFC385A004A8536 /* PBXContainerItemProxy */;
		};
/* End PBXTargetDependency section */

/* Begin PBXVariantGroup section */
		84D97B7B1AFC385A004A8536 /* Main.storyboard */ = {
			isa = PBXVariantGroup;
			children = (
				84D97B7C1AFC385A004A8536 /* Base */,
			);
			name = Main.storyboard;
			sourceTree = "<group>";
		};
		84D97B801AFC385A004A8536 /* LaunchScreen.xib */ = {
			isa = PBXVariantGroup;
			children = (
				84D97B811AFC385A004A8536 /* Base */,
			);
			name = LaunchScreen.xib;
			sourceTree = "<group>";
		};
/* End PBXVariantGroup section */

/* Begin XCBuildConfiguration section */
		84D97B8F1AFC385A004A8536 /* Debug */ = {
			isa = XCBuildConfiguration;
			buildSettings = {
				ALWAYS_SEARCH_USER_PATHS = NO;
				CLANG_CXX_LANGUAGE_STANDARD = "gnu++0x";
				CLANG_CXX_LIBRARY = "libc++";
				CLANG_ENABLE_MODULES = YES;
				CLANG_ENABLE_OBJC_ARC = YES;
				CLANG_WARN_BOOL_CONVERSION = YES;
				CLANG_WARN_CONSTANT_CONVERSION = YES;
				CLANG_WARN_DIRECT_OBJC_ISA_USAGE = YES_ERROR;
				CLANG_WARN_EMPTY_BODY = YES;
				CLANG_WARN_ENUM_CONVERSION = YES;
				CLANG_WARN_INT_CONVERSION = YES;
				CLANG_WARN_OBJC_ROOT_CLASS = YES_ERROR;
				CLANG_WARN_UNREACHABLE_CODE = YES;
				CLANG_WARN__DUPLICATE_METHOD_MATCH = YES;
				"CODE_SIGN_IDENTITY[sdk=iphoneos*]" = "iPhone Developer";
				COPY_PHASE_STRIP = NO;
				DEBUG_INFORMATION_FORMAT = "dwarf-with-dsym";
				ENABLE_STRICT_OBJC_MSGSEND = YES;
				GCC_C_LANGUAGE_STANDARD = gnu99;
				GCC_DYNAMIC_NO_PIC = NO;
				GCC_NO_COMMON_BLOCKS = YES;
				GCC_OPTIMIZATION_LEVEL = 0;
				GCC_PREPROCESSOR_DEFINITIONS = (
					"DEBUG=1",
					"$(inherited)",
				);
				GCC_SYMBOLS_PRIVATE_EXTERN = NO;
				GCC_WARN_64_TO_32_BIT_CONVERSION = YES;
				GCC_WARN_ABOUT_RETURN_TYPE = YES_ERROR;
				GCC_WARN_UNDECLARED_SELECTOR = YES;
				GCC_WARN_UNINITIALIZED_AUTOS = YES_AGGRESSIVE;
				GCC_WARN_UNUSED_FUNCTION = YES;
				GCC_WARN_UNUSED_VARIABLE = YES;
				IPHONEOS_DEPLOYMENT_TARGET = 8.3;
				MTL_ENABLE_DEBUG_INFO = YES;
				ONLY_ACTIVE_ARCH = YES;
				SDKROOT = iphoneos;
			};
			name = Debug;
		};
		84D97B901AFC385A004A8536 /* Release */ = {
			isa = XCBuildConfiguration;
			buildSettings = {
				ALWAYS_SEARCH_USER_PATHS = NO;
				CLANG_CXX_LANGUAGE_STANDARD = "gnu++0x";
				CLANG_CXX_LIBRARY = "libc++";
				CLANG_ENABLE_MODULES = YES;
				CLANG_ENABLE_OBJC_ARC = YES;
				CLANG_WARN_BOOL_CONVERSION = YES;
				CLANG_WARN_CONSTANT_CONVERSION = YES;
				CLANG_WARN_DIRECT_OBJC_ISA_USAGE = YES_ERROR;
				CLANG_WARN_EMPTY_BODY = YES;
				CLANG_WARN_ENUM_CONVERSION = YES;
				CLANG_WARN_INT_CONVERSION = YES;
				CLANG_WARN_OBJC_ROOT_CLASS = YES_ERROR;
				CLANG_WARN_UNREACHABLE_CODE = YES;
				CLANG_WARN__DUPLICATE_METHOD_MATCH = YES;
				"CODE_SIGN_IDENTITY[sdk=iphoneos*]" = "iPhone Developer";
				COPY_PHASE_STRIP = NO;
				DEBUG_INFORMATION_FORMAT = "dwarf-with-dsym";
				ENABLE_NS_ASSERTIONS = NO;
				ENABLE_STRICT_OBJC_MSGSEND = YES;
				GCC_C_LANGUAGE_STANDARD = gnu99;
				GCC_NO_COMMON_BLOCKS = YES;
				GCC_WARN_64_TO_32_BIT_CONVERSION = YES;
				GCC_WARN_ABOUT_RETURN_TYPE = YES_ERROR;
				GCC_WARN_UNDECLARED_SELECTOR = YES;
				GCC_WARN_UNINITIALIZED_AUTOS = YES_AGGRESSIVE;
				GCC_WARN_UNUSED_FUNCTION = YES;
				GCC_WARN_UNUSED_VARIABLE = YES;
				IPHONEOS_DEPLOYMENT_TARGET = 8.3;
				MTL_ENABLE_DEBUG_INFO = NO;
				SDKROOT = iphoneos;
				VALIDATE_PRODUCT = YES;
			};
			name = Release;
		};
		84D97B921AFC385A004A8536 /* Debug */ = {
			isa = XCBuildConfiguration;
			buildSettings = {
				ASSETCATALOG_COMPILER_APPICON_NAME = AppIcon;
				INFOPLIST_FILE = tutorial_12/Info.plist;
				LD_RUNPATH_SEARCH_PATHS = "$(inherited) @executable_path/Frameworks";
				PRODUCT_NAME = "$(TARGET_NAME)";
			};
			name = Debug;
		};
		84D97B931AFC385A004A8536 /* Release */ = {
			isa = XCBuildConfiguration;
			buildSettings = {
				ASSETCATALOG_COMPILER_APPICON_NAME = AppIcon;
				INFOPLIST_FILE = tutorial_12/Info.plist;
				LD_RUNPATH_SEARCH_PATHS = "$(inherited) @executable_path/Frameworks";
				PRODUCT_NAME = "$(TARGET_NAME)";
			};
			name = Release;
		};
		84D97B951AFC385A004A8536 /* Debug */ = {
			isa = XCBuildConfiguration;
			buildSettings = {
				BUNDLE_LOADER = "$(TEST_HOST)";
				FRAMEWORK_SEARCH_PATHS = (
					"$(SDKROOT)/Developer/Library/Frameworks",
					"$(inherited)",
				);
				GCC_PREPROCESSOR_DEFINITIONS = (
					"DEBUG=1",
					"$(inherited)",
				);
				INFOPLIST_FILE = tutorial_12Tests/Info.plist;
				LD_RUNPATH_SEARCH_PATHS = "$(inherited) @executable_path/Frameworks @loader_path/Frameworks";
				PRODUCT_NAME = "$(TARGET_NAME)";
				TEST_HOST = "$(BUILT_PRODUCTS_DIR)/tutorial_12.app/tutorial_12";
			};
			name = Debug;
		};
		84D97B961AFC385A004A8536 /* Release */ = {
			isa = XCBuildConfiguration;
			buildSettings = {
				BUNDLE_LOADER = "$(TEST_HOST)";
				FRAMEWORK_SEARCH_PATHS = (
					"$(SDKROOT)/Developer/Library/Frameworks",
					"$(inherited)",
				);
				INFOPLIST_FILE = tutorial_12Tests/Info.plist;
				LD_RUNPATH_SEARCH_PATHS = "$(inherited) @executable_path/Frameworks @loader_path/Frameworks";
				PRODUCT_NAME = "$(TARGET_NAME)";
				TEST_HOST = "$(BUILT_PRODUCTS_DIR)/tutorial_12.app/tutorial_12";
			};
			name = Release;
		};
/* End XCBuildConfiguration section */

/* Begin XCConfigurationList section */
		84D97B691AFC3859004A8536 /* Build configuration list for PBXProject "tutorial_12" */ = {
			isa = XCConfigurationList;
			buildConfigurations = (
				84D97B8F1AFC385A004A8536 /* Debug */,
				84D97B901AFC385A004A8536 /* Release */,
			);
			defaultConfigurationIsVisible = 0;
			defaultConfigurationName = Release;
		};
		84D97B911AFC385A004A8536 /* Build configuration list for PBXNativeTarget "tutorial_12" */ = {
			isa = XCConfigurationList;
			buildConfigurations = (
				84D97B921AFC385A004A8536 /* Debug */,
				84D97B931AFC385A004A8536 /* Release */,
			);
			defaultConfigurationIsVisible = 0;
		};
		84D97B941AFC385A004A8536 /* Build configuration list for PBXNativeTarget "tutorial_12Tests" */ = {
			isa = XCConfigurationList;
			buildConfigurations = (
				84D97B951AFC385A004A8536 /* Debug */,
				84D97B961AFC385A004A8536 /* Release */,
			);
			defaultConfigurationIsVisible = 0;
		};
/* End XCConfigurationList section */
	};
	rootObject = 84D97B661AFC3859004A8536 /* Project object */;
}
